// !$*UTF8*$!
{
	archiveVersion = 1;
	classes = {
	};
	objectVersion = 50;
	objects = {

/* Begin PBXBuildFile section */
		32CDB28424A398AD0039C251 /* Main.storyboard in Resources */ = {isa = PBXBuildFile; fileRef = 32CDB28224A398AD0039C251 /* Main.storyboard */; };
		32CDB28524A398AD0039C251 /* LaunchScreen.storyboard in Resources */ = {isa = PBXBuildFile; fileRef = 32CDB28324A398AD0039C251 /* LaunchScreen.storyboard */; };
		32F20BE924A387AE000F9968 /* AppDelegate.swift in Sources */ = {isa = PBXBuildFile; fileRef = 32F20BE824A387AE000F9968 /* AppDelegate.swift */; };
		32F20BEB24A387AE000F9968 /* SceneDelegate.swift in Sources */ = {isa = PBXBuildFile; fileRef = 32F20BEA24A387AE000F9968 /* SceneDelegate.swift */; };
		32F20BED24A387AE000F9968 /* ViewController.swift in Sources */ = {isa = PBXBuildFile; fileRef = 32F20BEC24A387AE000F9968 /* ViewController.swift */; };
		32F20BF224A387AF000F9968 /* Assets.xcassets in Resources */ = {isa = PBXBuildFile; fileRef = 32F20BF124A387AF000F9968 /* Assets.xcassets */; };
		32F20BFD24A38A02000F9968 /* PopupViewController.swift in Sources */ = {isa = PBXBuildFile; fileRef = 32F20BFC24A38A02000F9968 /* PopupViewController.swift */; };
		32F20BFF24A38CBE000F9968 /* ActionsHandler.swift in Sources */ = {isa = PBXBuildFile; fileRef = 32F20BFE24A38CBE000F9968 /* ActionsHandler.swift */; };
/* End PBXBuildFile section */

/* Begin PBXFileReference section */
		32CDB28224A398AD0039C251 /* Main.storyboard */ = {isa = PBXFileReference; fileEncoding = 4; lastKnownFileType = file.storyboard; path = Main.storyboard; sourceTree = "<group>"; };
		32CDB28324A398AD0039C251 /* LaunchScreen.storyboard */ = {isa = PBXFileReference; fileEncoding = 4; lastKnownFileType = file.storyboard; path = LaunchScreen.storyboard; sourceTree = "<group>"; };
		32F20BE524A387AE000F9968 /* SendActionExample.app */ = {isa = PBXFileReference; explicitFileType = wrapper.application; includeInIndex = 0; path = SendActionExample.app; sourceTree = BUILT_PRODUCTS_DIR; };
		32F20BE824A387AE000F9968 /* AppDelegate.swift */ = {isa = PBXFileReference; lastKnownFileType = sourcecode.swift; path = AppDelegate.swift; sourceTree = "<group>"; };
		32F20BEA24A387AE000F9968 /* SceneDelegate.swift */ = {isa = PBXFileReference; lastKnownFileType = sourcecode.swift; path = SceneDelegate.swift; sourceTree = "<group>"; };
		32F20BEC24A387AE000F9968 /* ViewController.swift */ = {isa = PBXFileReference; lastKnownFileType = sourcecode.swift; path = ViewController.swift; sourceTree = "<group>"; };
		32F20BF124A387AF000F9968 /* Assets.xcassets */ = {isa = PBXFileReference; lastKnownFileType = folder.assetcatalog; path = Assets.xcassets; sourceTree = "<group>"; };
		32F20BF624A387AF000F9968 /* Info.plist */ = {isa = PBXFileReference; lastKnownFileType = text.plist.xml; path = Info.plist; sourceTree = "<group>"; };
		32F20BFC24A38A02000F9968 /* PopupViewController.swift */ = {isa = PBXFileReference; lastKnownFileType = sourcecode.swift; path = PopupViewController.swift; sourceTree = "<group>"; };
		32F20BFE24A38CBE000F9968 /* ActionsHandler.swift */ = {isa = PBXFileReference; lastKnownFileType = sourcecode.swift; path = ActionsHandler.swift; sourceTree = "<group>"; };
/* End PBXFileReference section */

/* Begin PBXFrameworksBuildPhase section */
		32F20BE224A387AE000F9968 /* Frameworks */ = {
			isa = PBXFrameworksBuildPhase;
			buildActionMask = 2147483647;
			files = (
			);
			runOnlyForDeploymentPostprocessing = 0;
		};
/* End PBXFrameworksBuildPhase section */

/* Begin PBXGroup section */
		32F20BDC24A387AD000F9968 = {
			isa = PBXGroup;
			children = (
				32F20BE724A387AE000F9968 /* SendActionExample */,
				32F20BE624A387AE000F9968 /* Products */,
			);
			sourceTree = "<group>";
		};
		32F20BE624A387AE000F9968 /* Products */ = {
			isa = PBXGroup;
			children = (
				32F20BE524A387AE000F9968 /* SendActionExample.app */,
			);
			name = Products;
			sourceTree = "<group>";
		};
		32F20BE724A387AE000F9968 /* SendActionExample */ = {
			isa = PBXGroup;
			children = (
				32F20C0024A38D0F000F9968 /* Application */,
				32F20C0224A38D2B000F9968 /* Storyboards */,
				32F20C0124A38D19000F9968 /* Views */,
				32F20C0324A3923F000F9968 /* Handlers */,
				32F20BF124A387AF000F9968 /* Assets.xcassets */,
				32F20BF624A387AF000F9968 /* Info.plist */,
			);
			path = SendActionExample;
			sourceTree = "<group>";
		};
		32F20C0024A38D0F000F9968 /* Application */ = {
			isa = PBXGroup;
			children = (
				32F20BE824A387AE000F9968 /* AppDelegate.swift */,
				32F20BEA24A387AE000F9968 /* SceneDelegate.swift */,
			);
			path = Application;
			sourceTree = "<group>";
		};
		32F20C0124A38D19000F9968 /* Views */ = {
			isa = PBXGroup;
			children = (
				32F20BEC24A387AE000F9968 /* ViewController.swift */,
				32F20BFC24A38A02000F9968 /* PopupViewController.swift */,
			);
			path = Views;
			sourceTree = "<group>";
		};
		32F20C0224A38D2B000F9968 /* Storyboards */ = {
			isa = PBXGroup;
			children = (
				32CDB28324A398AD0039C251 /* LaunchScreen.storyboard */,
				32CDB28224A398AD0039C251 /* Main.storyboard */,
			);
			path = Storyboards;
			sourceTree = "<group>";
		};
		32F20C0324A3923F000F9968 /* Handlers */ = {
			isa = PBXGroup;
			children = (
				32F20BFE24A38CBE000F9968 /* ActionsHandler.swift */,
			);
			path = Handlers;
			sourceTree = "<group>";
		};
/* End PBXGroup section */

/* Begin PBXNativeTarget section */
		32F20BE424A387AE000F9968 /* SendActionExample */ = {
			isa = PBXNativeTarget;
			buildConfigurationList = 32F20BF924A387AF000F9968 /* Build configuration list for PBXNativeTarget "SendActionExample" */;
			buildPhases = (
				32F20BE124A387AE000F9968 /* Sources */,
				32F20BE224A387AE000F9968 /* Frameworks */,
				32F20BE324A387AE000F9968 /* Resources */,
			);
			buildRules = (
			);
			dependencies = (
			);
			name = SendActionExample;
			productName = SendActionExample;
			productReference = 32F20BE524A387AE000F9968 /* SendActionExample.app */;
			productType = "com.apple.product-type.application";
		};
/* End PBXNativeTarget section */

/* Begin PBXProject section */
		32F20BDD24A387AD000F9968 /* Project object */ = {
			isa = PBXProject;
			attributes = {
				LastSwiftUpdateCheck = 1150;
				LastUpgradeCheck = 1150;
				ORGANIZATIONNAME = "Dmytro Demchenko";
				TargetAttributes = {
					32F20BE424A387AE000F9968 = {
						CreatedOnToolsVersion = 11.5;
					};
				};
			};
			buildConfigurationList = 32F20BE024A387AD000F9968 /* Build configuration list for PBXProject "SendActionExample" */;
			compatibilityVersion = "Xcode 9.3";
			developmentRegion = en;
			hasScannedForEncodings = 0;
			knownRegions = (
				en,
				Base,
			);
			mainGroup = 32F20BDC24A387AD000F9968;
			productRefGroup = 32F20BE624A387AE000F9968 /* Products */;
			projectDirPath = "";
			projectRoot = "";
			targets = (
				32F20BE424A387AE000F9968 /* SendActionExample */,
			);
		};
/* End PBXProject section */

/* Begin PBXResourcesBuildPhase section */
		32F20BE324A387AE000F9968 /* Resources */ = {
			isa = PBXResourcesBuildPhase;
			buildActionMask = 2147483647;
			files = (
				32CDB28524A398AD0039C251 /* LaunchScreen.storyboard in Resources */,
				32F20BF224A387AF000F9968 /* Assets.xcassets in Resources */,
				32CDB28424A398AD0039C251 /* Main.storyboard in Resources */,
			);
			runOnlyForDeploymentPostprocessing = 0;
		};
/* End PBXResourcesBuildPhase section */

/* Begin PBXSourcesBuildPhase section */
		32F20BE124A387AE000F9968 /* Sources */ = {
			isa = PBXSourcesBuildPhase;
			buildActionMask = 2147483647;
			files = (
				32F20BED24A387AE000F9968 /* ViewController.swift in Sources */,
				32F20BFF24A38CBE000F9968 /* ActionsHandler.swift in Sources */,
				32F20BE924A387AE000F9968 /* AppDelegate.swift in Sources */,
				32F20BEB24A387AE000F9968 /* SceneDelegate.swift in Sources */,
				32F20BFD24A38A02000F9968 /* PopupViewController.swift in Sources */,
			);
			runOnlyForDeploymentPostprocessing = 0;
		};
/* End PBXSourcesBuildPhase section */

/* Begin XCBuildConfiguration section */
		32F20BF724A387AF000F9968 /* Debug */ = {
			isa = XCBuildConfiguration;
			buildSettings = {
				ALWAYS_SEARCH_USER_PATHS = NO;
				CLANG_ANALYZER_NONNULL = YES;
				CLANG_ANALYZER_NUMBER_OBJECT_CONVERSION = YES_AGGRESSIVE;
				CLANG_CXX_LANGUAGE_STANDARD = "gnu++14";
				CLANG_CXX_LIBRARY = "libc++";
				CLANG_ENABLE_MODULES = YES;
				CLANG_ENABLE_OBJC_ARC = YES;
				CLANG_ENABLE_OBJC_WEAK = YES;
				CLANG_WARN_BLOCK_CAPTURE_AUTORELEASING = YES;
				CLANG_WARN_BOOL_CONVERSION = YES;
				CLANG_WARN_COMMA = YES;
				CLANG_WARN_CONSTANT_CONVERSION = YES;
				CLANG_WARN_DEPRECATED_OBJC_IMPLEMENTATIONS = YES;
				CLANG_WARN_DIRECT_OBJC_ISA_USAGE = YES_ERROR;
				CLANG_WARN_DOCUMENTATION_COMMENTS = YES;
				CLANG_WARN_EMPTY_BODY = YES;
				CLANG_WARN_ENUM_CONVERSION = YES;
				CLANG_WARN_INFINITE_RECURSION = YES;
				CLANG_WARN_INT_CONVERSION = YES;
				CLANG_WARN_NON_LITERAL_NULL_CONVERSION = YES;
				CLANG_WARN_OBJC_IMPLICIT_RETAIN_SELF = YES;
				CLANG_WARN_OBJC_LITERAL_CONVERSION = YES;
				CLANG_WARN_OBJC_ROOT_CLASS = YES_ERROR;
				CLANG_WARN_RANGE_LOOP_ANALYSIS = YES;
				CLANG_WARN_STRICT_PROTOTYPES = YES;
				CLANG_WARN_SUSPICIOUS_MOVE = YES;
				CLANG_WARN_UNGUARDED_AVAILABILITY = YES_AGGRESSIVE;
				CLANG_WARN_UNREACHABLE_CODE = YES;
				CLANG_WARN__DUPLICATE_METHOD_MATCH = YES;
				COPY_PHASE_STRIP = NO;
				DEBUG_INFORMATION_FORMAT = dwarf;
				ENABLE_STRICT_OBJC_MSGSEND = YES;
				ENABLE_TESTABILITY = YES;
				GCC_C_LANGUAGE_STANDARD = gnu11;
				GCC_DYNAMIC_NO_PIC = NO;
				GCC_NO_COMMON_BLOCKS = YES;
				GCC_OPTIMIZATION_LEVEL = 0;
				GCC_PREPROCESSOR_DEFINITIONS = (
					"DEBUG=1",
					"$(inherited)",
				);
				GCC_WARN_64_TO_32_BIT_CONVERSION = YES;
				GCC_WARN_ABOUT_RETURN_TYPE = YES_ERROR;
				GCC_WARN_UNDECLARED_SELECTOR = YES;
				GCC_WARN_UNINITIALIZED_AUTOS = YES_AGGRESSIVE;
				GCC_WARN_UNUSED_FUNCTION = YES;
				GCC_WARN_UNUSED_VARIABLE = YES;
				IPHONEOS_DEPLOYMENT_TARGET = 13.5;
				MTL_ENABLE_DEBUG_INFO = INCLUDE_SOURCE;
				MTL_FAST_MATH = YES;
				ONLY_ACTIVE_ARCH = YES;
				SDKROOT = iphoneos;
				SWIFT_ACTIVE_COMPILATION_CONDITIONS = DEBUG;
				SWIFT_OPTIMIZATION_LEVEL = "-Onone";
			};
			name = Debug;
		};
		32F20BF824A387AF000F9968 /* Release */ = {
			isa = XCBuildConfiguration;
			buildSettings = {
				ALWAYS_SEARCH_USER_PATHS = NO;
				CLANG_ANALYZER_NONNULL = YES;
				CLANG_ANALYZER_NUMBER_OBJECT_CONVERSION = YES_AGGRESSIVE;
				CLANG_CXX_LANGUAGE_STANDARD = "gnu++14";
				CLANG_CXX_LIBRARY = "libc++";
				CLANG_ENABLE_MODULES = YES;
				CLANG_ENABLE_OBJC_ARC = YES;
				CLANG_ENABLE_OBJC_WEAK = YES;
				CLANG_WARN_BLOCK_CAPTURE_AUTORELEASING = YES;
				CLANG_WARN_BOOL_CONVERSION = YES;
				CLANG_WARN_COMMA = YES;
				CLANG_WARN_CONSTANT_CONVERSION = YES;
				CLANG_WARN_DEPRECATED_OBJC_IMPLEMENTATIONS = YES;
				CLANG_WARN_DIRECT_OBJC_ISA_USAGE = YES_ERROR;
				CLANG_WARN_DOCUMENTATION_COMMENTS = YES;
				CLANG_WARN_EMPTY_BODY = YES;
				CLANG_WARN_ENUM_CONVERSION = YES;
				CLANG_WARN_INFINITE_RECURSION = YES;
				CLANG_WARN_INT_CONVERSION = YES;
				CLANG_WARN_NON_LITERAL_NULL_CONVERSION = YES;
				CLANG_WARN_OBJC_IMPLICIT_RETAIN_SELF = YES;
				CLANG_WARN_OBJC_LITERAL_CONVERSION = YES;
				CLANG_WARN_OBJC_ROOT_CLASS = YES_ERROR;
				CLANG_WARN_RANGE_LOOP_ANALYSIS = YES;
				CLANG_WARN_STRICT_PROTOTYPES = YES;
				CLANG_WARN_SUSPICIOUS_MOVE = YES;
				CLANG_WARN_UNGUARDED_AVAILABILITY = YES_AGGRESSIVE;
				CLANG_WARN_UNREACHABLE_CODE = YES;
				CLANG_WARN__DUPLICATE_METHOD_MATCH = YES;
				COPY_PHASE_STRIP = NO;
				DEBUG_INFORMATION_FORMAT = "dwarf-with-dsym";
				ENABLE_NS_ASSERTIONS = NO;
				ENABLE_STRICT_OBJC_MSGSEND = YES;
				GCC_C_LANGUAGE_STANDARD = gnu11;
				GCC_NO_COMMON_BLOCKS = YES;
				GCC_WARN_64_TO_32_BIT_CONVERSION = YES;
				GCC_WARN_ABOUT_RETURN_TYPE = YES_ERROR;
				GCC_WARN_UNDECLARED_SELECTOR = YES;
				GCC_WARN_UNINITIALIZED_AUTOS = YES_AGGRESSIVE;
				GCC_WARN_UNUSED_FUNCTION = YES;
				GCC_WARN_UNUSED_VARIABLE = YES;
				IPHONEOS_DEPLOYMENT_TARGET = 13.5;
				MTL_ENABLE_DEBUG_INFO = NO;
				MTL_FAST_MATH = YES;
				SDKROOT = iphoneos;
				SWIFT_COMPILATION_MODE = wholemodule;
				SWIFT_OPTIMIZATION_LEVEL = "-O";
				VALIDATE_PRODUCT = YES;
			};
			name = Release;
		};
		32F20BFA24A387AF000F9968 /* Debug */ = {
			isa = XCBuildConfiguration;
			buildSettings = {
				ASSETCATALOG_COMPILER_APPICON_NAME = AppIcon;
				CODE_SIGN_STYLE = Automatic;
				DEVELOPMENT_TEAM = CFQEV8HTT8;
				INFOPLIST_FILE = SendActionExample/Info.plist;
				LD_RUNPATH_SEARCH_PATHS = (
					"$(inherited)",
					"@executable_path/Frameworks",
				);
				PRODUCT_BUNDLE_IDENTIFIER = com.demchenko.SendActionExample;
				PRODUCT_NAME = "$(TARGET_NAME)";
				SWIFT_VERSION = 5.0;
				TARGETED_DEVICE_FAMILY = "1,2";
			};
			name = Debug;
		};
		32F20BFB24A387AF000F9968 /* Release */ = {
			isa = XCBuildConfiguration;
			buildSettings = {
				ASSETCATALOG_COMPILER_APPICON_NAME = AppIcon;
				CODE_SIGN_STYLE = Automatic;
				DEVELOPMENT_TEAM = CFQEV8HTT8;
				INFOPLIST_FILE = SendActionExample/Info.plist;
				LD_RUNPATH_SEARCH_PATHS = (
					"$(inherited)",
					"@executable_path/Frameworks",
				);
				PRODUCT_BUNDLE_IDENTIFIER = com.demchenko.SendActionExample;
				PRODUCT_NAME = "$(TARGET_NAME)";
				SWIFT_VERSION = 5.0;
				TARGETED_DEVICE_FAMILY = "1,2";
			};
			name = Release;
		};
/* End XCBuildConfiguration section */

/* Begin XCConfigurationList section */
		32F20BE024A387AD000F9968 /* Build configuration list for PBXProject "SendActionExample" */ = {
			isa = XCConfigurationList;
			buildConfigurations = (
				32F20BF724A387AF000F9968 /* Debug */,
				32F20BF824A387AF000F9968 /* Release */,
			);
			defaultConfigurationIsVisible = 0;
			defaultConfigurationName = Release;
		};
		32F20BF924A387AF000F9968 /* Build configuration list for PBXNativeTarget "SendActionExample" */ = {
			isa = XCConfigurationList;
			buildConfigurations = (
				32F20BFA24A387AF000F9968 /* Debug */,
				32F20BFB24A387AF000F9968 /* Release */,
			);
			defaultConfigurationIsVisible = 0;
			defaultConfigurationName = Release;
		};
/* End XCConfigurationList section */
	};
	rootObject = 32F20BDD24A387AD000F9968 /* Project object */;
}
